<?xml version="1.0" encoding="utf-8"?>
<Project ToolsVersion="4.0" xmlns="http://schemas.microsoft.com/developer/msbuild/2003">
  <ItemGroup>
    <Filter Include="本体">
      <UniqueIdentifier>{b14ab327-228c-4825-b165-abb6cc117c44}</UniqueIdentifier>
    </Filter>
    <Filter Include="本体\アプリケーション">
      <UniqueIdentifier>{17d24797-f10b-4315-862e-1d0e1739496f}</UniqueIdentifier>
    </Filter>
    <Filter Include="本体\ゲームプロセス">
      <UniqueIdentifier>{810563df-1604-4ced-902d-9bd6b305c74a}</UniqueIdentifier>
    </Filter>
    <Filter Include="本体\画像">
      <UniqueIdentifier>{e9afeb05-3270-4142-a4fd-2ab80da5c7b1}</UniqueIdentifier>
    </Filter>
    <Filter Include="本体\画像解析">
      <UniqueIdentifier>{28825152-a54b-4310-a26d-1311a1e7e120}</UniqueIdentifier>
    </Filter>
    <Filter Include="本体\自船">
      <UniqueIdentifier>{41df506f-09c5-4aca-82ee-435f1cb853b7}</UniqueIdentifier>
    </Filter>
    <Filter Include="本体\地図">
      <UniqueIdentifier>{251fb7e2-7c32-42ce-bd2f-eabe6409bb3f}</UniqueIdentifier>
    </Filter>
    <Filter Include="本体\描画">
      <UniqueIdentifier>{42636208-5d9a-42f1-87ee-2dd90224fe00}</UniqueIdentifier>
    </Filter>
    <Filter Include="本体\航路">
      <UniqueIdentifier>{a24ee276-3d72-4b3d-9090-cb6f21a50a34}</UniqueIdentifier>
    </Filter>
    <Filter Include="本体\その他">
      <UniqueIdentifier>{74884f52-7488-4c60-850e-6b05edacc52d}</UniqueIdentifier>
    </Filter>
    <Filter Include="本体\リソース ファイル">
      <UniqueIdentifier>{67DA6AB6-F800-4c08-8B7A-83BB121AAD01}</UniqueIdentifier>
      <Extensions>rc;ico;cur;bmp;dlg;rc2;rct;bin;rgs;gif;jpg;jpeg;jpe;resx;tiff;tif;png;wav;mfcribbon-ms</Extensions>
    </Filter>
  </ItemGroup>
  <ItemGroup>
    <ClInclude Include="GVOImage.h">
      <Filter>本体\画像</Filter>
    </ClInclude>
    <ClInclude Include="GVOShip.h">
      <Filter>本体\自船</Filter>
    </ClInclude>
    <ClInclude Include="GVOVector.h">
      <Filter>本体\自船</Filter>
    </ClInclude>
    <ClInclude Include="GVOVelocity.h">
      <Filter>本体\自船</Filter>
    </ClInclude>
    <ClInclude Include="GVOWorldMap.h">
      <Filter>本体\地図</Filter>
    </ClInclude>
    <ClInclude Include="GVOGameProcess.h">
      <Filter>本体\ゲームプロセス</Filter>
    </ClInclude>
    <ClInclude Include="GVOSpeedMeter.h">
      <Filter>本体\自船</Filter>
    </ClInclude>
    <ClInclude Include="GVOSurveyCoordExtractor.h">
      <Filter>本体\画像解析</Filter>
    </ClInclude>
    <ClInclude Include="GVOConfig.h">
      <Filter>本体\アプリケーション</Filter>
    </ClInclude>
    <ClInclude Include="GVONavish.h">
      <Filter>本体\アプリケーション</Filter>
    </ClInclude>
    <ClInclude Include="Resource.h">
      <Filter>本体\リソース ファイル</Filter>
    </ClInclude>
    <ClInclude Include="stdafx.h">
      <Filter>本体\その他</Filter>
    </ClInclude>
    <ClInclude Include="targetver.h">
      <Filter>本体\その他</Filter>
    </ClInclude>
    <ClInclude Include="GVORenderer.h">
      <Filter>本体\描画</Filter>
    </ClInclude>
    <ClInclude Include="GVOGameStatus.h">
      <Filter>本体\ゲームプロセス</Filter>
    </ClInclude>
    <ClInclude Include="GVONoncopyable.h">
      <Filter>本体\その他</Filter>
    </ClInclude>
    <ClInclude Include="GVOTexture.h">
      <Filter>本体\画像</Filter>
    </ClInclude>
    <ClInclude Include="GVOShipRoute.h">
      <Filter>本体\航路</Filter>
    </ClInclude>
    <ClInclude Include="GVOShipRouteList.h">
      <Filter>本体\航路</Filter>
    </ClInclude>
    <ClInclude Include="GVONormalizedPoint.h">
      <Filter>本体\地図</Filter>
    </ClInclude>
    <ClInclude Include="GVOShipRouteManageView.h">
      <Filter>本体\航路</Filter>
    </ClInclude>
  </ItemGroup>
  <ItemGroup>
    <ClCompile Include="GVOImage.cpp">
      <Filter>本体\画像</Filter>
    </ClCompile>
    <ClCompile Include="GVOShip.cpp">
      <Filter>本体\自船</Filter>
    </ClCompile>
    <ClCompile Include="GVOWorldMap.cpp">
      <Filter>本体\地図</Filter>
    </ClCompile>
    <ClCompile Include="GVOSurveyCoordExtractor.cpp">
      <Filter>本体\画像解析</Filter>
    </ClCompile>
    <ClCompile Include="GVOGameProcess.cpp">
      <Filter>本体\ゲームプロセス</Filter>
    </ClCompile>
    <ClCompile Include="GVONavish.cpp">
      <Filter>本体\アプリケーション</Filter>
    </ClCompile>
    <ClCompile Include="stdafx.cpp">
      <Filter>本体\その他</Filter>
    </ClCompile>
    <ClCompile Include="GVORenderer.cpp">
      <Filter>本体\描画</Filter>
    </ClCompile>
    <ClCompile Include="GVOTexture.cpp">
      <Filter>本体\画像</Filter>
    </ClCompile>
    <ClCompile Include="GVOShipRoute.cpp">
      <Filter>本体\航路</Filter>
    </ClCompile>
    <ClCompile Include="GVOShipRouteList.cpp">
      <Filter>本体\航路</Filter>
    </ClCompile>
    <ClCompile Include="GVOShipRouteManageView.cpp">
      <Filter>本体\航路</Filter>
    </ClCompile>
  </ItemGroup>
  <ItemGroup>
    <ResourceCompile Include="GVONavish.rc">
      <Filter>本体\リソース ファイル</Filter>
    </ResourceCompile>
  </ItemGroup>
  <ItemGroup>
    <Image Include="small.ico">
      <Filter>本体\リソース ファイル</Filter>
    </Image>
    <Image Include="GVONavish.ico">
      <Filter>本体\リソース ファイル</Filter>
    </Image>
    <Image Include="star.ico">
      <Filter>本体\リソース ファイル</Filter>
    </Image>
    <Image Include="blank.ico">
      <Filter>本体\リソース ファイル</Filter>
    </Image>
  </ItemGroup>
  <ItemGroup>
    <Text Include="ReadMe.txt">
      <Filter>本体\リソース ファイル</Filter>
    </Text>
  </ItemGroup>
</Project>